
Microsoft Visual Studio Solution File, Format Version 12.00
# Visual Studio Version 17
VisualStudioVersion = 17.4.33122.133
MinimumVisualStudioVersion = 10.0.40219.1
Project("{FAE04EC0-301F-11D3-BF4B-00C04F79EFBC}") = "HideableSidebar_Blazor", "HideableSidebar_Blazor\HideableSidebar_Blazor.csproj", "{DE943FDD-3B2E-41F4-BBFA-3448E5E9983C}"
EndProject
Global
	GlobalSection(SolutionConfigurationPlatforms) = preSolution
		Debug|Any CPU = Debug|Any CPU
		Release|Any CPU = Release|Any CPU
	EndGlobalSection
	GlobalSection(ProjectConfigurationPlatforms) = postSolution
		{DE943FDD-3B2E-41F4-BBFA-3448E5E9983C}.Debug|Any CPU.ActiveCfg = Debug|Any CPU
		{DE943FDD-3B2E-41F4-BBFA-3448E5E9983C}.Debug|Any CPU.Build.0 = Debug|Any CPU
		{DE943FDD-3B2E-41F4-BBFA-3448E5E9983C}.Release|Any CPU.ActiveCfg = Release|Any CPU
		{DE943FDD-3B2E-41F4-BBFA-3448E5E9983C}.Release|Any CPU.Build.0 = Release|Any CPU
	EndGlobalSection
	GlobalSection(SolutionProperties) = preSolution
		HideSolutionNode = FALSE
	EndGlobalSection
	GlobalSection(ExtensibilityGlobals) = postSolution
		SolutionGuid = {442CC720-E37A-4324-8881-E3E428A43897}
	EndGlobalSection
EndGlobal
